
Microsoft Visual Studio Solution File, Format Version 12.00
# Visual Studio 15
VisualStudioVersion = 15.0.27004.2008
MinimumVisualStudioVersion = 10.0.40219.1
Project("{FAE04EC0-301F-11D3-BF4B-00C04F79EFBC}") = "HelloWorld", "HelloWorld\HelloWorld.csproj", "{6BAF035B-CD5C-4220-868C-EEBF7A80E5C5}"
EndProject
Project("{FAE04EC0-301F-11D3-BF4B-00C04F79EFBC}") = "Variables", "Variables\Variables.csproj", "{85E419E2-BCED-4BA3-B0B9-F74BF8E014A1}"
EndProject
Project("{FAE04EC0-301F-11D3-BF4B-00C04F79EFBC}") = "ExpressionAndStatement", "ExpressionAndStatement\ExpressionAndStatement.csproj", "{2C7A5CCA-F7D1-4102-ABD7-E36F2251D43F}"
EndProject
Project("{FAE04EC0-301F-11D3-BF4B-00C04F79EFBC}") = "ConditionStatement", "ConditionStatement\ConditionStatement.csproj", "{2FEABD91-E9BC-4AFE-8608-7273BB217CBC}"
EndProject
Project("{FAE04EC0-301F-11D3-BF4B-00C04F79EFBC}") = "IfStatementPractice", "IfStatementPractice\IfStatementPractice.csproj", "{83F04322-7A95-42F0-901D-1C87BA2E794A}"
EndProject
Global
	GlobalSection(SolutionConfigurationPlatforms) = preSolution
		Debug|Any CPU = Debug|Any CPU
		Release|Any CPU = Release|Any CPU
	EndGlobalSection
	GlobalSection(ProjectConfigurationPlatforms) = postSolution
		{6BAF035B-CD5C-4220-868C-EEBF7A80E5C5}.Debug|Any CPU.ActiveCfg = Debug|Any CPU
		{6BAF035B-CD5C-4220-868C-EEBF7A80E5C5}.Debug|Any CPU.Build.0 = Debug|Any CPU
		{6BAF035B-CD5C-4220-868C-EEBF7A80E5C5}.Release|Any CPU.ActiveCfg = Release|Any CPU
		{6BAF035B-CD5C-4220-868C-EEBF7A80E5C5}.Release|Any CPU.Build.0 = Release|Any CPU
		{85E419E2-BCED-4BA3-B0B9-F74BF8E014A1}.Debug|Any CPU.ActiveCfg = Debug|Any CPU
		{85E419E2-BCED-4BA3-B0B9-F74BF8E014A1}.Debug|Any CPU.Build.0 = Debug|Any CPU
		{85E419E2-BCED-4BA3-B0B9-F74BF8E014A1}.Release|Any CPU.ActiveCfg = Release|Any CPU
		{85E419E2-BCED-4BA3-B0B9-F74BF8E014A1}.Release|Any CPU.Build.0 = Release|Any CPU
		{2C7A5CCA-F7D1-4102-ABD7-E36F2251D43F}.Debug|Any CPU.ActiveCfg = Debug|Any CPU
		{2C7A5CCA-F7D1-4102-ABD7-E36F2251D43F}.Debug|Any CPU.Build.0 = Debug|Any CPU
		{2C7A5CCA-F7D1-4102-ABD7-E36F2251D43F}.Release|Any CPU.ActiveCfg = Release|Any CPU
		{2C7A5CCA-F7D1-4102-ABD7-E36F2251D43F}.Release|Any CPU.Build.0 = Release|Any CPU
		{2FEABD91-E9BC-4AFE-8608-7273BB217CBC}.Debug|Any CPU.ActiveCfg = Debug|Any CPU
		{2FEABD91-E9BC-4AFE-8608-7273BB217CBC}.Debug|Any CPU.Build.0 = Debug|Any CPU
		{2FEABD91-E9BC-4AFE-8608-7273BB217CBC}.Release|Any CPU.ActiveCfg = Release|Any CPU
		{2FEABD91-E9BC-4AFE-8608-7273BB217CBC}.Release|Any CPU.Build.0 = Release|Any CPU
		{83F04322-7A95-42F0-901D-1C87BA2E794A}.Debug|Any CPU.ActiveCfg = Debug|Any CPU
		{83F04322-7A95-42F0-901D-1C87BA2E794A}.Debug|Any CPU.Build.0 = Debug|Any CPU
		{83F04322-7A95-42F0-901D-1C87BA2E794A}.Release|Any CPU.ActiveCfg = Release|Any CPU
		{83F04322-7A95-42F0-901D-1C87BA2E794A}.Release|Any CPU.Build.0 = Release|Any CPU
	EndGlobalSection
	GlobalSection(SolutionProperties) = preSolution
		HideSolutionNode = FALSE
	EndGlobalSection
	GlobalSection(ExtensibilityGlobals) = postSolution
		SolutionGuid = {AC6DB2AF-7F29-4CDC-8339-BBD31A5CCEA9}
	EndGlobalSection
EndGlobal
